
Microsoft Visual Studio Solution File, Format Version 12.00
# Visual Studio Version 17
VisualStudioVersion = 17.1.32421.90
MinimumVisualStudioVersion = 10.0.40219.1
Project("{FAE04EC0-301F-11D3-BF4B-00C04F79EFBC}") = "dama", "dama\dama.csproj", "{3D4A35F4-C563-43DD-A5A1-7F32268981B3}"
EndProject
Global
	GlobalSection(SolutionConfigurationPlatforms) = preSolution
		Debug|Any CPU = Debug|Any CPU
		Release|Any CPU = Release|Any CPU
	EndGlobalSection
	GlobalSection(ProjectConfigurationPlatforms) = postSolution
		{3D4A35F4-C563-43DD-A5A1-7F32268981B3}.Debug|Any CPU.ActiveCfg = Debug|Any CPU
		{3D4A35F4-C563-43DD-A5A1-7F32268981B3}.Debug|Any CPU.Build.0 = Debug|Any CPU
		{3D4A35F4-C563-43DD-A5A1-7F32268981B3}.Release|Any CPU.ActiveCfg = Release|Any CPU
		{3D4A35F4-C563-43DD-A5A1-7F32268981B3}.Release|Any CPU.Build.0 = Release|Any CPU
	EndGlobalSection
	GlobalSection(SolutionProperties) = preSolution
		HideSolutionNode = FALSE
	EndGlobalSection
	GlobalSection(ExtensibilityGlobals) = postSolution
		SolutionGuid = {7EC41D70-DC2F-4725-A041-BB29974F6FE4}
	EndGlobalSection
EndGlobal
